
Microsoft Visual Studio Solution File, Format Version 12.00
# Visual Studio Version 17
VisualStudioVersion = 17.6.33723.286
MinimumVisualStudioVersion = 10.0.40219.1
Project("{9A19103F-16F7-4668-BE54-9A1E7A4F7556}") = "Numbers-Game", "Numbers-Game.csproj", "{731E991E-8BAB-49B5-A3A5-34E6545EC8EA}"
EndProject
Global
	GlobalSection(SolutionConfigurationPlatforms) = preSolution
		Debug|Any CPU = Debug|Any CPU
		Release|Any CPU = Release|Any CPU
	EndGlobalSection
	GlobalSection(ProjectConfigurationPlatforms) = postSolution
		{731E991E-8BAB-49B5-A3A5-34E6545EC8EA}.Debug|Any CPU.ActiveCfg = Debug|Any CPU
		{731E991E-8BAB-49B5-A3A5-34E6545EC8EA}.Debug|Any CPU.Build.0 = Debug|Any CPU
		{731E991E-8BAB-49B5-A3A5-34E6545EC8EA}.Release|Any CPU.ActiveCfg = Release|Any CPU
		{731E991E-8BAB-49B5-A3A5-34E6545EC8EA}.Release|Any CPU.Build.0 = Release|Any CPU
	EndGlobalSection
	GlobalSection(SolutionProperties) = preSolution
		HideSolutionNode = FALSE
	EndGlobalSection
	GlobalSection(ExtensibilityGlobals) = postSolution
		SolutionGuid = {E094D704-A990-4D58-BCCE-98442DB832A8}
	EndGlobalSection
EndGlobal
